
Microsoft Visual Studio Solution File, Format Version 12.00
# Visual Studio Version 16
VisualStudioVersion = 16.0.31424.327
MinimumVisualStudioVersion = 10.0.40219.1
Project("{9A19103F-16F7-4668-BE54-9A1E7A4F7556}") = "Kata", "ConsoleApp1\Kata.csproj", "{CAE84212-8A77-4AB1-8945-53B3D1732D9E}"
EndProject
Project("{9A19103F-16F7-4668-BE54-9A1E7A4F7556}") = "Kata.Tests", "ConsoleApp1.Tests\Kata.Tests.csproj", "{01F0347A-2396-4446-B984-87FCD3F4D9AD}"
EndProject
Global
	GlobalSection(SolutionConfigurationPlatforms) = preSolution
		Debug|Any CPU = Debug|Any CPU
		Release|Any CPU = Release|Any CPU
	EndGlobalSection
	GlobalSection(ProjectConfigurationPlatforms) = postSolution
		{CAE84212-8A77-4AB1-8945-53B3D1732D9E}.Debug|Any CPU.ActiveCfg = Debug|Any CPU
		{CAE84212-8A77-4AB1-8945-53B3D1732D9E}.Debug|Any CPU.Build.0 = Debug|Any CPU
		{CAE84212-8A77-4AB1-8945-53B3D1732D9E}.Release|Any CPU.ActiveCfg = Release|Any CPU
		{CAE84212-8A77-4AB1-8945-53B3D1732D9E}.Release|Any CPU.Build.0 = Release|Any CPU
		{01F0347A-2396-4446-B984-87FCD3F4D9AD}.Debug|Any CPU.ActiveCfg = Debug|Any CPU
		{01F0347A-2396-4446-B984-87FCD3F4D9AD}.Debug|Any CPU.Build.0 = Debug|Any CPU
		{01F0347A-2396-4446-B984-87FCD3F4D9AD}.Release|Any CPU.ActiveCfg = Release|Any CPU
		{01F0347A-2396-4446-B984-87FCD3F4D9AD}.Release|Any CPU.Build.0 = Release|Any CPU
	EndGlobalSection
	GlobalSection(SolutionProperties) = preSolution
		HideSolutionNode = FALSE
	EndGlobalSection
	GlobalSection(ExtensibilityGlobals) = postSolution
		SolutionGuid = {310AD69C-288C-4DDE-8CBA-9179EFB5F202}
	EndGlobalSection
EndGlobal
